
Microsoft Visual Studio Solution File, Format Version 12.00
# Visual Studio Version 17
VisualStudioVersion = 17.10.35122.118
MinimumVisualStudioVersion = 10.0.40219.1
Project("{FAE04EC0-301F-11D3-BF4B-00C04F79EFBC}") = "WebView2FormsApp", "WebView2FormsApp\WebView2FormsApp.csproj", "{C583EC54-60C5-4803-BB69-6EE719A7B456}"
EndProject
Global
	GlobalSection(SolutionConfigurationPlatforms) = preSolution
		Debug|Any CPU = Debug|Any CPU
		Release|Any CPU = Release|Any CPU
	EndGlobalSection
	GlobalSection(ProjectConfigurationPlatforms) = postSolution
		{C583EC54-60C5-4803-BB69-6EE719A7B456}.Debug|Any CPU.ActiveCfg = Debug|Any CPU
		{C583EC54-60C5-4803-BB69-6EE719A7B456}.Debug|Any CPU.Build.0 = Debug|Any CPU
		{C583EC54-60C5-4803-BB69-6EE719A7B456}.Release|Any CPU.ActiveCfg = Release|Any CPU
		{C583EC54-60C5-4803-BB69-6EE719A7B456}.Release|Any CPU.Build.0 = Release|Any CPU
	EndGlobalSection
	GlobalSection(SolutionProperties) = preSolution
		HideSolutionNode = FALSE
	EndGlobalSection
	GlobalSection(ExtensibilityGlobals) = postSolution
		SolutionGuid = {F2AD01D1-2B5C-4CD9-9668-C7D39FB7D682}
	EndGlobalSection
EndGlobal
